
Microsoft Visual Studio Solution File, Format Version 12.00
# Visual Studio Version 17
VisualStudioVersion = 17.13.35931.197
MinimumVisualStudioVersion = 10.0.40219.1
Project("{FAE04EC0-301F-11D3-BF4B-00C04F79EFBC}") = "ControlDeGastosNetCore", "ControlDeGastosNetCore\ControlDeGastosNetCore.csproj", "{7F604F22-A11A-4951-BA2A-1A424C46C888}"
EndProject
Project("{FAE04EC0-301F-11D3-BF4B-00C04F79EFBC}") = "ControlDeGastosAPI", "ControlDeGastosAPI\ControlDeGastosAPI.csproj", "{7C495F02-588F-4F35-A8B7-8F16D2663899}"
EndProject
Global
	GlobalSection(SolutionConfigurationPlatforms) = preSolution
		Debug|Any CPU = Debug|Any CPU
		Release|Any CPU = Release|Any CPU
	EndGlobalSection
	GlobalSection(ProjectConfigurationPlatforms) = postSolution
		{7F604F22-A11A-4951-BA2A-1A424C46C888}.Debug|Any CPU.ActiveCfg = Debug|Any CPU
		{7F604F22-A11A-4951-BA2A-1A424C46C888}.Debug|Any CPU.Build.0 = Debug|Any CPU
		{7F604F22-A11A-4951-BA2A-1A424C46C888}.Release|Any CPU.ActiveCfg = Release|Any CPU
		{7F604F22-A11A-4951-BA2A-1A424C46C888}.Release|Any CPU.Build.0 = Release|Any CPU
		{7C495F02-588F-4F35-A8B7-8F16D2663899}.Debug|Any CPU.ActiveCfg = Debug|Any CPU
		{7C495F02-588F-4F35-A8B7-8F16D2663899}.Debug|Any CPU.Build.0 = Debug|Any CPU
		{7C495F02-588F-4F35-A8B7-8F16D2663899}.Release|Any CPU.ActiveCfg = Release|Any CPU
		{7C495F02-588F-4F35-A8B7-8F16D2663899}.Release|Any CPU.Build.0 = Release|Any CPU
	EndGlobalSection
	GlobalSection(SolutionProperties) = preSolution
		HideSolutionNode = FALSE
	EndGlobalSection
	GlobalSection(ExtensibilityGlobals) = postSolution
		SolutionGuid = {229BC8DB-CF47-4830-9ABB-0384A59E5BA0}
	EndGlobalSection
EndGlobal
